
Microsoft Visual Studio Solution File, Format Version 12.00
# Visual Studio Version 17
VisualStudioVersion = 17.13.35825.156
MinimumVisualStudioVersion = 10.0.40219.1
Project("{FAE04EC0-301F-11D3-BF4B-00C04F79EFBC}") = "Szamnegyes.Desktop", "Szamnegyes.Desktop\Szamnegyes.Desktop.csproj", "{97EE0DE8-C9FB-4A53-88CB-AC4A2525F43A}"
EndProject
Project("{FAE04EC0-301F-11D3-BF4B-00C04F79EFBC}") = "Szamnegyes.Console", "Szamnegyes.Console\Szamnegyes.Console.csproj", "{41389EF9-D47D-0722-5288-3F8B080C0A70}"
EndProject
Project("{FAE04EC0-301F-11D3-BF4B-00C04F79EFBC}") = "Szamnegyes.Backend", "Szamnegyes.Backend\Szamnegyes.Backend.csproj", "{01D1FA12-DBA6-135B-1EA5-3553DFF634A1}"
EndProject
Global
	GlobalSection(SolutionConfigurationPlatforms) = preSolution
		Debug|Any CPU = Debug|Any CPU
		Release|Any CPU = Release|Any CPU
	EndGlobalSection
	GlobalSection(ProjectConfigurationPlatforms) = postSolution
		{97EE0DE8-C9FB-4A53-88CB-AC4A2525F43A}.Debug|Any CPU.ActiveCfg = Debug|Any CPU
		{97EE0DE8-C9FB-4A53-88CB-AC4A2525F43A}.Debug|Any CPU.Build.0 = Debug|Any CPU
		{97EE0DE8-C9FB-4A53-88CB-AC4A2525F43A}.Release|Any CPU.ActiveCfg = Release|Any CPU
		{97EE0DE8-C9FB-4A53-88CB-AC4A2525F43A}.Release|Any CPU.Build.0 = Release|Any CPU
		{41389EF9-D47D-0722-5288-3F8B080C0A70}.Debug|Any CPU.ActiveCfg = Debug|Any CPU
		{41389EF9-D47D-0722-5288-3F8B080C0A70}.Debug|Any CPU.Build.0 = Debug|Any CPU
		{41389EF9-D47D-0722-5288-3F8B080C0A70}.Release|Any CPU.ActiveCfg = Release|Any CPU
		{41389EF9-D47D-0722-5288-3F8B080C0A70}.Release|Any CPU.Build.0 = Release|Any CPU
		{01D1FA12-DBA6-135B-1EA5-3553DFF634A1}.Debug|Any CPU.ActiveCfg = Debug|Any CPU
		{01D1FA12-DBA6-135B-1EA5-3553DFF634A1}.Debug|Any CPU.Build.0 = Debug|Any CPU
		{01D1FA12-DBA6-135B-1EA5-3553DFF634A1}.Release|Any CPU.ActiveCfg = Release|Any CPU
		{01D1FA12-DBA6-135B-1EA5-3553DFF634A1}.Release|Any CPU.Build.0 = Release|Any CPU
	EndGlobalSection
	GlobalSection(SolutionProperties) = preSolution
		HideSolutionNode = FALSE
	EndGlobalSection
	GlobalSection(ExtensibilityGlobals) = postSolution
		SolutionGuid = {5F0A517A-211A-4A0C-8466-CC7118780DBB}
	EndGlobalSection
EndGlobal
